// !$*UTF8*$!
{
	archiveVersion = 1;
	classes = {
	};
	objectVersion = 56;
	objects = {

/* Begin PBXBuildFile section */
		E8256BF22BA0C25F00959C7C /* AppDelegate.swift in Sources */ = {isa = PBXBuildFile; fileRef = E8256BF12BA0C25F00959C7C /* AppDelegate.swift */; };
		E8256BF42BA0C25F00959C7C /* SceneDelegate.swift in Sources */ = {isa = PBXBuildFile; fileRef = E8256BF32BA0C25F00959C7C /* SceneDelegate.swift */; };
		E8256BF62BA0C25F00959C7C /* ViewController.swift in Sources */ = {isa = PBXBuildFile; fileRef = E8256BF52BA0C25F00959C7C /* ViewController.swift */; };
		E8256BF92BA0C25F00959C7C /* Base in Resources */ = {isa = PBXBuildFile; fileRef = E8256BF82BA0C25F00959C7C /* Base */; };
		E8256BFB2BA0C26000959C7C /* Assets.xcassets in Resources */ = {isa = PBXBuildFile; fileRef = E8256BFA2BA0C26000959C7C /* Assets.xcassets */; };
		E8256BFE2BA0C26000959C7C /* Base in Resources */ = {isa = PBXBuildFile; fileRef = E8256BFD2BA0C26000959C7C /* Base */; };
		E8256C092BA0C26100959C7C /* RiskReducationOneTests.swift in Sources */ = {isa = PBXBuildFile; fileRef = E8256C082BA0C26100959C7C /* RiskReducationOneTests.swift */; };
		E8256C132BA0C26100959C7C /* RiskReducationOneUITests.swift in Sources */ = {isa = PBXBuildFile; fileRef = E8256C122BA0C26100959C7C /* RiskReducationOneUITests.swift */; };
		E8256C152BA0C26100959C7C /* RiskReducationOneUITestsLaunchTests.swift in Sources */ = {isa = PBXBuildFile; fileRef = E8256C142BA0C26100959C7C /* RiskReducationOneUITestsLaunchTests.swift */; };
/* End PBXBuildFile section */

/* Begin PBXContainerItemProxy section */
		E8256C052BA0C26100959C7C /* PBXContainerItemProxy */ = {
			isa = PBXContainerItemProxy;
			containerPortal = E8256BE62BA0C25F00959C7C /* Project object */;
			proxyType = 1;
			remoteGlobalIDString = E8256BED2BA0C25F00959C7C;
			remoteInfo = RiskReducationOne;
		};
		E8256C0F2BA0C26100959C7C /* PBXContainerItemProxy */ = {
			isa = PBXContainerItemProxy;
			containerPortal = E8256BE62BA0C25F00959C7C /* Project object */;
			proxyType = 1;
			remoteGlobalIDString = E8256BED2BA0C25F00959C7C;
			remoteInfo = RiskReducationOne;
		};
/* End PBXContainerItemProxy section */

/* Begin PBXFileReference section */
		E8256BEE2BA0C25F00959C7C /* RiskReducationOne.app */ = {isa = PBXFileReference; explicitFileType = wrapper.application; includeInIndex = 0; path = RiskReducationOne.app; sourceTree = BUILT_PRODUCTS_DIR; };
		E8256BF12BA0C25F00959C7C /* AppDelegate.swift */ = {isa = PBXFileReference; lastKnownFileType = sourcecode.swift; path = AppDelegate.swift; sourceTree = "<group>"; };
		E8256BF32BA0C25F00959C7C /* SceneDelegate.swift */ = {isa = PBXFileReference; lastKnownFileType = sourcecode.swift; path = SceneDelegate.swift; sourceTree = "<group>"; };
		E8256BF52BA0C25F00959C7C /* ViewController.swift */ = {isa = PBXFileReference; lastKnownFileType = sourcecode.swift; path = ViewController.swift; sourceTree = "<group>"; };
		E8256BF82BA0C25F00959C7C /* Base */ = {isa = PBXFileReference; lastKnownFileType = file.storyboard; name = Base; path = Base.lproj/Main.storyboard; sourceTree = "<group>"; };
		E8256BFA2BA0C26000959C7C /* Assets.xcassets */ = {isa = PBXFileReference; lastKnownFileType = folder.assetcatalog; path = Assets.xcassets; sourceTree = "<group>"; };
		E8256BFD2BA0C26000959C7C /* Base */ = {isa = PBXFileReference; lastKnownFileType = file.storyboard; name = Base; path = Base.lproj/LaunchScreen.storyboard; sourceTree = "<group>"; };
		E8256BFF2BA0C26000959C7C /* Info.plist */ = {isa = PBXFileReference; lastKnownFileType = text.plist.xml; path = Info.plist; sourceTree = "<group>"; };
		E8256C042BA0C26100959C7C /* RiskReducationOneTests.xctest */ = {isa = PBXFileReference; explicitFileType = wrapper.cfbundle; includeInIndex = 0; path = RiskReducationOneTests.xctest; sourceTree = BUILT_PRODUCTS_DIR; };
		E8256C082BA0C26100959C7C /* RiskReducationOneTests.swift */ = {isa = PBXFileReference; lastKnownFileType = sourcecode.swift; path = RiskReducationOneTests.swift; sourceTree = "<group>"; };
		E8256C0E2BA0C26100959C7C /* RiskReducationOneUITests.xctest */ = {isa = PBXFileReference; explicitFileType = wrapper.cfbundle; includeInIndex = 0; path = RiskReducationOneUITests.xctest; sourceTree = BUILT_PRODUCTS_DIR; };
		E8256C122BA0C26100959C7C /* RiskReducationOneUITests.swift */ = {isa = PBXFileReference; lastKnownFileType = sourcecode.swift; path = RiskReducationOneUITests.swift; sourceTree = "<group>"; };
		E8256C142BA0C26100959C7C /* RiskReducationOneUITestsLaunchTests.swift */ = {isa = PBXFileReference; lastKnownFileType = sourcecode.swift; path = RiskReducationOneUITestsLaunchTests.swift; sourceTree = "<group>"; };
/* End PBXFileReference section */

/* Begin PBXFrameworksBuildPhase section */
		E8256BEB2BA0C25F00959C7C /* Frameworks */ = {
			isa = PBXFrameworksBuildPhase;
			buildActionMask = 2147483647;
			files = (
			);
			runOnlyForDeploymentPostprocessing = 0;
		};
		E8256C012BA0C26100959C7C /* Frameworks */ = {
			isa = PBXFrameworksBuildPhase;
			buildActionMask = 2147483647;
			files = (
			);
			runOnlyForDeploymentPostprocessing = 0;
		};
		E8256C0B2BA0C26100959C7C /* Frameworks */ = {
			isa = PBXFrameworksBuildPhase;
			buildActionMask = 2147483647;
			files = (
			);
			runOnlyForDeploymentPostprocessing = 0;
		};
/* End PBXFrameworksBuildPhase section */

/* Begin PBXGroup section */
		E8256BE52BA0C25F00959C7C = {
			isa = PBXGroup;
			children = (
				E8256BF02BA0C25F00959C7C /* RiskReducationOne */,
				E8256C072BA0C26100959C7C /* RiskReducationOneTests */,
				E8256C112BA0C26100959C7C /* RiskReducationOneUITests */,
				E8256BEF2BA0C25F00959C7C /* Products */,
			);
			sourceTree = "<group>";
		};
		E8256BEF2BA0C25F00959C7C /* Products */ = {
			isa = PBXGroup;
			children = (
				E8256BEE2BA0C25F00959C7C /* RiskReducationOne.app */,
				E8256C042BA0C26100959C7C /* RiskReducationOneTests.xctest */,
				E8256C0E2BA0C26100959C7C /* RiskReducationOneUITests.xctest */,
			);
			name = Products;
			sourceTree = "<group>";
		};
		E8256BF02BA0C25F00959C7C /* RiskReducationOne */ = {
			isa = PBXGroup;
			children = (
				E8256BF12BA0C25F00959C7C /* AppDelegate.swift */,
				E8256BF32BA0C25F00959C7C /* SceneDelegate.swift */,
				E8256BF52BA0C25F00959C7C /* ViewController.swift */,
				E8256BF72BA0C25F00959C7C /* Main.storyboard */,
				E8256BFA2BA0C26000959C7C /* Assets.xcassets */,
				E8256BFC2BA0C26000959C7C /* LaunchScreen.storyboard */,
				E8256BFF2BA0C26000959C7C /* Info.plist */,
			);
			path = RiskReducationOne;
			sourceTree = "<group>";
		};
		E8256C072BA0C26100959C7C /* RiskReducationOneTests */ = {
			isa = PBXGroup;
			children = (
				E8256C082BA0C26100959C7C /* RiskReducationOneTests.swift */,
			);
			path = RiskReducationOneTests;
			sourceTree = "<group>";
		};
		E8256C112BA0C26100959C7C /* RiskReducationOneUITests */ = {
			isa = PBXGroup;
			children = (
				E8256C122BA0C26100959C7C /* RiskReducationOneUITests.swift */,
				E8256C142BA0C26100959C7C /* RiskReducationOneUITestsLaunchTests.swift */,
			);
			path = RiskReducationOneUITests;
			sourceTree = "<group>";
		};
/* End PBXGroup section */

/* Begin PBXNativeTarget section */
		E8256BED2BA0C25F00959C7C /* RiskReducationOne */ = {
			isa = PBXNativeTarget;
			buildConfigurationList = E8256C182BA0C26100959C7C /* Build configuration list for PBXNativeTarget "RiskReducationOne" */;
			buildPhases = (
				E8256BEA2BA0C25F00959C7C /* Sources */,
				E8256BEB2BA0C25F00959C7C /* Frameworks */,
				E8256BEC2BA0C25F00959C7C /* Resources */,
			);
			buildRules = (
			);
			dependencies = (
			);
			name = RiskReducationOne;
			productName = RiskReducationOne;
			productReference = E8256BEE2BA0C25F00959C7C /* RiskReducationOne.app */;
			productType = "com.apple.product-type.application";
		};
		E8256C032BA0C26100959C7C /* RiskReducationOneTests */ = {
			isa = PBXNativeTarget;
			buildConfigurationList = E8256C1B2BA0C26100959C7C /* Build configuration list for PBXNativeTarget "RiskReducationOneTests" */;
			buildPhases = (
				E8256C002BA0C26100959C7C /* Sources */,
				E8256C012BA0C26100959C7C /* Frameworks */,
				E8256C022BA0C26100959C7C /* Resources */,
			);
			buildRules = (
			);
			dependencies = (
				E8256C062BA0C26100959C7C /* PBXTargetDependency */,
			);
			name = RiskReducationOneTests;
			productName = RiskReducationOneTests;
			productReference = E8256C042BA0C26100959C7C /* RiskReducationOneTests.xctest */;
			productType = "com.apple.product-type.bundle.unit-test";
		};
		E8256C0D2BA0C26100959C7C /* RiskReducationOneUITests */ = {
			isa = PBXNativeTarget;
			buildConfigurationList = E8256C1E2BA0C26100959C7C /* Build configuration list for PBXNativeTarget "RiskReducationOneUITests" */;
			buildPhases = (
				E8256C0A2BA0C26100959C7C /* Sources */,
				E8256C0B2BA0C26100959C7C /* Frameworks */,
				E8256C0C2BA0C26100959C7C /* Resources */,
			);
			buildRules = (
			);
			dependencies = (
				E8256C102BA0C26100959C7C /* PBXTargetDependency */,
			);
			name = RiskReducationOneUITests;
			productName = RiskReducationOneUITests;
			productReference = E8256C0E2BA0C26100959C7C /* RiskReducationOneUITests.xctest */;
			productType = "com.apple.product-type.bundle.ui-testing";
		};
/* End PBXNativeTarget section */

/* Begin PBXProject section */
		E8256BE62BA0C25F00959C7C /* Project object */ = {
			isa = PBXProject;
			attributes = {
				BuildIndependentTargetsInParallel = 1;
				LastSwiftUpdateCheck = 1530;
				LastUpgradeCheck = 1530;
				TargetAttributes = {
					E8256BED2BA0C25F00959C7C = {
						CreatedOnToolsVersion = 15.3;
					};
					E8256C032BA0C26100959C7C = {
						CreatedOnToolsVersion = 15.3;
						TestTargetID = E8256BED2BA0C25F00959C7C;
					};
					E8256C0D2BA0C26100959C7C = {
						CreatedOnToolsVersion = 15.3;
						TestTargetID = E8256BED2BA0C25F00959C7C;
					};
				};
			};
			buildConfigurationList = E8256BE92BA0C25F00959C7C /* Build configuration list for PBXProject "RiskReducationOne" */;
			compatibilityVersion = "Xcode 14.0";
			developmentRegion = en;
			hasScannedForEncodings = 0;
			knownRegions = (
				en,
				Base,
			);
			mainGroup = E8256BE52BA0C25F00959C7C;
			productRefGroup = E8256BEF2BA0C25F00959C7C /* Products */;
			projectDirPath = "";
			projectRoot = "";
			targets = (
				E8256BED2BA0C25F00959C7C /* RiskReducationOne */,
				E8256C032BA0C26100959C7C /* RiskReducationOneTests */,
				E8256C0D2BA0C26100959C7C /* RiskReducationOneUITests */,
			);
		};
/* End PBXProject section */

/* Begin PBXResourcesBuildPhase section */
		E8256BEC2BA0C25F00959C7C /* Resources */ = {
			isa = PBXResourcesBuildPhase;
			buildActionMask = 2147483647;
			files = (
				E8256BFB2BA0C26000959C7C /* Assets.xcassets in Resources */,
				E8256BFE2BA0C26000959C7C /* Base in Resources */,
				E8256BF92BA0C25F00959C7C /* Base in Resources */,
			);
			runOnlyForDeploymentPostprocessing = 0;
		};
		E8256C022BA0C26100959C7C /* Resources */ = {
			isa = PBXResourcesBuildPhase;
			buildActionMask = 2147483647;
			files = (
			);
			runOnlyForDeploymentPostprocessing = 0;
		};
		E8256C0C2BA0C26100959C7C /* Resources */ = {
			isa = PBXResourcesBuildPhase;
			buildActionMask = 2147483647;
			files = (
			);
			runOnlyForDeploymentPostprocessing = 0;
		};
/* End PBXResourcesBuildPhase section */

/* Begin PBXSourcesBuildPhase section */
		E8256BEA2BA0C25F00959C7C /* Sources */ = {
			isa = PBXSourcesBuildPhase;
			buildActionMask = 2147483647;
			files = (
				E8256BF62BA0C25F00959C7C /* ViewController.swift in Sources */,
				E8256BF22BA0C25F00959C7C /* AppDelegate.swift in Sources */,
				E8256BF42BA0C25F00959C7C /* SceneDelegate.swift in Sources */,
			);
			runOnlyForDeploymentPostprocessing = 0;
		};
		E8256C002BA0C26100959C7C /* Sources */ = {
			isa = PBXSourcesBuildPhase;
			buildActionMask = 2147483647;
			files = (
				E8256C092BA0C26100959C7C /* RiskReducationOneTests.swift in Sources */,
			);
			runOnlyForDeploymentPostprocessing = 0;
		};
		E8256C0A2BA0C26100959C7C /* Sources */ = {
			isa = PBXSourcesBuildPhase;
			buildActionMask = 2147483647;
			files = (
				E8256C152BA0C26100959C7C /* RiskReducationOneUITestsLaunchTests.swift in Sources */,
				E8256C132BA0C26100959C7C /* RiskReducationOneUITests.swift in Sources */,
			);
			runOnlyForDeploymentPostprocessing = 0;
		};
/* End PBXSourcesBuildPhase section */

/* Begin PBXTargetDependency section */
		E8256C062BA0C26100959C7C /* PBXTargetDependency */ = {
			isa = PBXTargetDependency;
			target = E8256BED2BA0C25F00959C7C /* RiskReducationOne */;
			targetProxy = E8256C052BA0C26100959C7C /* PBXContainerItemProxy */;
		};
		E8256C102BA0C26100959C7C /* PBXTargetDependency */ = {
			isa = PBXTargetDependency;
			target = E8256BED2BA0C25F00959C7C /* RiskReducationOne */;
			targetProxy = E8256C0F2BA0C26100959C7C /* PBXContainerItemProxy */;
		};
/* End PBXTargetDependency section */

/* Begin PBXVariantGroup section */
		E8256BF72BA0C25F00959C7C /* Main.storyboard */ = {
			isa = PBXVariantGroup;
			children = (
				E8256BF82BA0C25F00959C7C /* Base */,
			);
			name = Main.storyboard;
			sourceTree = "<group>";
		};
		E8256BFC2BA0C26000959C7C /* LaunchScreen.storyboard */ = {
			isa = PBXVariantGroup;
			children = (
				E8256BFD2BA0C26000959C7C /* Base */,
			);
			name = LaunchScreen.storyboard;
			sourceTree = "<group>";
		};
/* End PBXVariantGroup section */

/* Begin XCBuildConfiguration section */
		E8256C162BA0C26100959C7C /* Debug */ = {
			isa = XCBuildConfiguration;
			buildSettings = {
				ALWAYS_SEARCH_USER_PATHS = NO;
				ASSETCATALOG_COMPILER_GENERATE_SWIFT_ASSET_SYMBOL_EXTENSIONS = YES;
				CLANG_ANALYZER_NONNULL = YES;
				CLANG_ANALYZER_NUMBER_OBJECT_CONVERSION = YES_AGGRESSIVE;
				CLANG_CXX_LANGUAGE_STANDARD = "gnu++20";
				CLANG_ENABLE_MODULES = YES;
				CLANG_ENABLE_OBJC_ARC = YES;
				CLANG_ENABLE_OBJC_WEAK = YES;
				CLANG_WARN_BLOCK_CAPTURE_AUTORELEASING = YES;
				CLANG_WARN_BOOL_CONVERSION = YES;
				CLANG_WARN_COMMA = YES;
				CLANG_WARN_CONSTANT_CONVERSION = YES;
				CLANG_WARN_DEPRECATED_OBJC_IMPLEMENTATIONS = YES;
				CLANG_WARN_DIRECT_OBJC_ISA_USAGE = YES_ERROR;
				CLANG_WARN_DOCUMENTATION_COMMENTS = YES;
				CLANG_WARN_EMPTY_BODY = YES;
				CLANG_WARN_ENUM_CONVERSION = YES;
				CLANG_WARN_INFINITE_RECURSION = YES;
				CLANG_WARN_INT_CONVERSION = YES;
				CLANG_WARN_NON_LITERAL_NULL_CONVERSION = YES;
				CLANG_WARN_OBJC_IMPLICIT_RETAIN_SELF = YES;
				CLANG_WARN_OBJC_LITERAL_CONVERSION = YES;
				CLANG_WARN_OBJC_ROOT_CLASS = YES_ERROR;
				CLANG_WARN_QUOTED_INCLUDE_IN_FRAMEWORK_HEADER = YES;
				CLANG_WARN_RANGE_LOOP_ANALYSIS = YES;
				CLANG_WARN_STRICT_PROTOTYPES = YES;
				CLANG_WARN_SUSPICIOUS_MOVE = YES;
				CLANG_WARN_UNGUARDED_AVAILABILITY = YES_AGGRESSIVE;
				CLANG_WARN_UNREACHABLE_CODE = YES;
				CLANG_WARN__DUPLICATE_METHOD_MATCH = YES;
				COPY_PHASE_STRIP = NO;
				DEBUG_INFORMATION_FORMAT = dwarf;
				ENABLE_STRICT_OBJC_MSGSEND = YES;
				ENABLE_TESTABILITY = YES;
				ENABLE_USER_SCRIPT_SANDBOXING = YES;
				GCC_C_LANGUAGE_STANDARD = gnu17;
				GCC_DYNAMIC_NO_PIC = NO;
				GCC_NO_COMMON_BLOCKS = YES;
				GCC_OPTIMIZATION_LEVEL = 0;
				GCC_PREPROCESSOR_DEFINITIONS = (
					"DEBUG=1",
					"$(inherited)",
				);
				GCC_WARN_64_TO_32_BIT_CONVERSION = YES;
				GCC_WARN_ABOUT_RETURN_TYPE = YES_ERROR;
				GCC_WARN_UNDECLARED_SELECTOR = YES;
				GCC_WARN_UNINITIALIZED_AUTOS = YES_AGGRESSIVE;
				GCC_WARN_UNUSED_FUNCTION = YES;
				GCC_WARN_UNUSED_VARIABLE = YES;
				IPHONEOS_DEPLOYMENT_TARGET = 17.4;
				LOCALIZATION_PREFERS_STRING_CATALOGS = YES;
				MTL_ENABLE_DEBUG_INFO = INCLUDE_SOURCE;
				MTL_FAST_MATH = YES;
				ONLY_ACTIVE_ARCH = YES;
				SDKROOT = iphoneos;
				SWIFT_ACTIVE_COMPILATION_CONDITIONS = "DEBUG $(inherited)";
				SWIFT_OPTIMIZATION_LEVEL = "-Onone";
			};
			name = Debug;
		};
		E8256C172BA0C26100959C7C /* Release */ = {
			isa = XCBuildConfiguration;
			buildSettings = {
				ALWAYS_SEARCH_USER_PATHS = NO;
				ASSETCATALOG_COMPILER_GENERATE_SWIFT_ASSET_SYMBOL_EXTENSIONS = YES;
				CLANG_ANALYZER_NONNULL = YES;
				CLANG_ANALYZER_NUMBER_OBJECT_CONVERSION = YES_AGGRESSIVE;
				CLANG_CXX_LANGUAGE_STANDARD = "gnu++20";
				CLANG_ENABLE_MODULES = YES;
				CLANG_ENABLE_OBJC_ARC = YES;
				CLANG_ENABLE_OBJC_WEAK = YES;
				CLANG_WARN_BLOCK_CAPTURE_AUTORELEASING = YES;
				CLANG_WARN_BOOL_CONVERSION = YES;
				CLANG_WARN_COMMA = YES;
				CLANG_WARN_CONSTANT_CONVERSION = YES;
				CLANG_WARN_DEPRECATED_OBJC_IMPLEMENTATIONS = YES;
				CLANG_WARN_DIRECT_OBJC_ISA_USAGE = YES_ERROR;
				CLANG_WARN_DOCUMENTATION_COMMENTS = YES;
				CLANG_WARN_EMPTY_BODY = YES;
				CLANG_WARN_ENUM_CONVERSION = YES;
				CLANG_WARN_INFINITE_RECURSION = YES;
				CLANG_WARN_INT_CONVERSION = YES;
				CLANG_WARN_NON_LITERAL_NULL_CONVERSION = YES;
				CLANG_WARN_OBJC_IMPLICIT_RETAIN_SELF = YES;
				CLANG_WARN_OBJC_LITERAL_CONVERSION = YES;
				CLANG_WARN_OBJC_ROOT_CLASS = YES_ERROR;
				CLANG_WARN_QUOTED_INCLUDE_IN_FRAMEWORK_HEADER = YES;
				CLANG_WARN_RANGE_LOOP_ANALYSIS = YES;
				CLANG_WARN_STRICT_PROTOTYPES = YES;
				CLANG_WARN_SUSPICIOUS_MOVE = YES;
				CLANG_WARN_UNGUARDED_AVAILABILITY = YES_AGGRESSIVE;
				CLANG_WARN_UNREACHABLE_CODE = YES;
				CLANG_WARN__DUPLICATE_METHOD_MATCH = YES;
				COPY_PHASE_STRIP = NO;
				DEBUG_INFORMATION_FORMAT = "dwarf-with-dsym";
				ENABLE_NS_ASSERTIONS = NO;
				ENABLE_STRICT_OBJC_MSGSEND = YES;
				ENABLE_USER_SCRIPT_SANDBOXING = YES;
				GCC_C_LANGUAGE_STANDARD = gnu17;
				GCC_NO_COMMON_BLOCKS = YES;
				GCC_WARN_64_TO_32_BIT_CONVERSION = YES;
				GCC_WARN_ABOUT_RETURN_TYPE = YES_ERROR;
				GCC_WARN_UNDECLARED_SELECTOR = YES;
				GCC_WARN_UNINITIALIZED_AUTOS = YES_AGGRESSIVE;
				GCC_WARN_UNUSED_FUNCTION = YES;
				GCC_WARN_UNUSED_VARIABLE = YES;
				IPHONEOS_DEPLOYMENT_TARGET = 17.4;
				LOCALIZATION_PREFERS_STRING_CATALOGS = YES;
				MTL_ENABLE_DEBUG_INFO = NO;
				MTL_FAST_MATH = YES;
				SDKROOT = iphoneos;
				SWIFT_COMPILATION_MODE = wholemodule;
				VALIDATE_PRODUCT = YES;
			};
			name = Release;
		};
		E8256C192BA0C26100959C7C /* Debug */ = {
			isa = XCBuildConfiguration;
			buildSettings = {
				ASSETCATALOG_COMPILER_APPICON_NAME = AppIcon;
				ASSETCATALOG_COMPILER_GLOBAL_ACCENT_COLOR_NAME = AccentColor;
				CODE_SIGN_STYLE = Automatic;
				CURRENT_PROJECT_VERSION = 1;
				GENERATE_INFOPLIST_FILE = YES;
				INFOPLIST_FILE = RiskReducationOne/Info.plist;
				INFOPLIST_KEY_UIApplicationSupportsIndirectInputEvents = YES;
				INFOPLIST_KEY_UILaunchStoryboardName = LaunchScreen;
				INFOPLIST_KEY_UIMainStoryboardFile = Main;
				INFOPLIST_KEY_UISupportedInterfaceOrientations_iPad = "UIInterfaceOrientationPortrait UIInterfaceOrientationPortraitUpsideDown UIInterfaceOrientationLandscapeLeft UIInterfaceOrientationLandscapeRight";
				INFOPLIST_KEY_UISupportedInterfaceOrientations_iPhone = "UIInterfaceOrientationPortrait UIInterfaceOrientationLandscapeLeft UIInterfaceOrientationLandscapeRight";
				LD_RUNPATH_SEARCH_PATHS = (
					"$(inherited)",
					"@executable_path/Frameworks",
				);
				MARKETING_VERSION = 1.0;
				PRODUCT_BUNDLE_IDENTIFIER = seniordesign.RiskReducationOne;
				PRODUCT_NAME = "$(TARGET_NAME)";
				SWIFT_EMIT_LOC_STRINGS = YES;
				SWIFT_VERSION = 5.0;
				TARGETED_DEVICE_FAMILY = "1,2";
			};
			name = Debug;
		};
		E8256C1A2BA0C26100959C7C /* Release */ = {
			isa = XCBuildConfiguration;
			buildSettings = {
				ASSETCATALOG_COMPILER_APPICON_NAME = AppIcon;
				ASSETCATALOG_COMPILER_GLOBAL_ACCENT_COLOR_NAME = AccentColor;
				CODE_SIGN_STYLE = Automatic;
				CURRENT_PROJECT_VERSION = 1;
				GENERATE_INFOPLIST_FILE = YES;
				INFOPLIST_FILE = RiskReducationOne/Info.plist;
				INFOPLIST_KEY_UIApplicationSupportsIndirectInputEvents = YES;
				INFOPLIST_KEY_UILaunchStoryboardName = LaunchScreen;
				INFOPLIST_KEY_UIMainStoryboardFile = Main;
				INFOPLIST_KEY_UISupportedInterfaceOrientations_iPad = "UIInterfaceOrientationPortrait UIInterfaceOrientationPortraitUpsideDown UIInterfaceOrientationLandscapeLeft UIInterfaceOrientationLandscapeRight";
				INFOPLIST_KEY_UISupportedInterfaceOrientations_iPhone = "UIInterfaceOrientationPortrait UIInterfaceOrientationLandscapeLeft UIInterfaceOrientationLandscapeRight";
				LD_RUNPATH_SEARCH_PATHS = (
					"$(inherited)",
					"@executable_path/Frameworks",
				);
				MARKETING_VERSION = 1.0;
				PRODUCT_BUNDLE_IDENTIFIER = seniordesign.RiskReducationOne;
				PRODUCT_NAME = "$(TARGET_NAME)";
				SWIFT_EMIT_LOC_STRINGS = YES;
				SWIFT_VERSION = 5.0;
				TARGETED_DEVICE_FAMILY = "1,2";
			};
			name = Release;
		};
		E8256C1C2BA0C26100959C7C /* Debug */ = {
			isa = XCBuildConfiguration;
			buildSettings = {
				ALWAYS_EMBED_SWIFT_STANDARD_LIBRARIES = YES;
				BUNDLE_LOADER = "$(TEST_HOST)";
				CODE_SIGN_STYLE = Automatic;
				CURRENT_PROJECT_VERSION = 1;
				GENERATE_INFOPLIST_FILE = YES;
				IPHONEOS_DEPLOYMENT_TARGET = 17.4;
				MARKETING_VERSION = 1.0;
				PRODUCT_BUNDLE_IDENTIFIER = seniordesign.RiskReducationOneTests;
				PRODUCT_NAME = "$(TARGET_NAME)";
				SWIFT_EMIT_LOC_STRINGS = NO;
				SWIFT_VERSION = 5.0;
				TARGETED_DEVICE_FAMILY = "1,2";
				TEST_HOST = "$(BUILT_PRODUCTS_DIR)/RiskReducationOne.app/$(BUNDLE_EXECUTABLE_FOLDER_PATH)/RiskReducationOne";
			};
			name = Debug;
		};
		E8256C1D2BA0C26100959C7C /* Release */ = {
			isa = XCBuildConfiguration;
			buildSettings = {
				ALWAYS_EMBED_SWIFT_STANDARD_LIBRARIES = YES;
				BUNDLE_LOADER = "$(TEST_HOST)";
				CODE_SIGN_STYLE = Automatic;
				CURRENT_PROJECT_VERSION = 1;
				GENERATE_INFOPLIST_FILE = YES;
				IPHONEOS_DEPLOYMENT_TARGET = 17.4;
				MARKETING_VERSION = 1.0;
				PRODUCT_BUNDLE_IDENTIFIER = seniordesign.RiskReducationOneTests;
				PRODUCT_NAME = "$(TARGET_NAME)";
				SWIFT_EMIT_LOC_STRINGS = NO;
				SWIFT_VERSION = 5.0;
				TARGETED_DEVICE_FAMILY = "1,2";
				TEST_HOST = "$(BUILT_PRODUCTS_DIR)/RiskReducationOne.app/$(BUNDLE_EXECUTABLE_FOLDER_PATH)/RiskReducationOne";
			};
			name = Release;
		};
		E8256C1F2BA0C26100959C7C /* Debug */ = {
			isa = XCBuildConfiguration;
			buildSettings = {
				ALWAYS_EMBED_SWIFT_STANDARD_LIBRARIES = YES;
				CODE_SIGN_STYLE = Automatic;
				CURRENT_PROJECT_VERSION = 1;
				GENERATE_INFOPLIST_FILE = YES;
				MARKETING_VERSION = 1.0;
				PRODUCT_BUNDLE_IDENTIFIER = seniordesign.RiskReducationOneUITests;
				PRODUCT_NAME = "$(TARGET_NAME)";
				SWIFT_EMIT_LOC_STRINGS = NO;
				SWIFT_VERSION = 5.0;
				TARGETED_DEVICE_FAMILY = "1,2";
				TEST_TARGET_NAME = RiskReducationOne;
			};
			name = Debug;
		};
		E8256C202BA0C26100959C7C /* Release */ = {
			isa = XCBuildConfiguration;
			buildSettings = {
				ALWAYS_EMBED_SWIFT_STANDARD_LIBRARIES = YES;
				CODE_SIGN_STYLE = Automatic;
				CURRENT_PROJECT_VERSION = 1;
				GENERATE_INFOPLIST_FILE = YES;
				MARKETING_VERSION = 1.0;
				PRODUCT_BUNDLE_IDENTIFIER = seniordesign.RiskReducationOneUITests;
				PRODUCT_NAME = "$(TARGET_NAME)";
				SWIFT_EMIT_LOC_STRINGS = NO;
				SWIFT_VERSION = 5.0;
				TARGETED_DEVICE_FAMILY = "1,2";
				TEST_TARGET_NAME = RiskReducationOne;
			};
			name = Release;
		};
/* End XCBuildConfiguration section */

/* Begin XCConfigurationList section */
		E8256BE92BA0C25F00959C7C /* Build configuration list for PBXProject "RiskReducationOne" */ = {
			isa = XCConfigurationList;
			buildConfigurations = (
				E8256C162BA0C26100959C7C /* Debug */,
				E8256C172BA0C26100959C7C /* Release */,
			);
			defaultConfigurationIsVisible = 0;
			defaultConfigurationName = Release;
		};
		E8256C182BA0C26100959C7C /* Build configuration list for PBXNativeTarget "RiskReducationOne" */ = {
			isa = XCConfigurationList;
			buildConfigurations = (
				E8256C192BA0C26100959C7C /* Debug */,
				E8256C1A2BA0C26100959C7C /* Release */,
			);
			defaultConfigurationIsVisible = 0;
			defaultConfigurationName = Release;
		};
		E8256C1B2BA0C26100959C7C /* Build configuration list for PBXNativeTarget "RiskReducationOneTests" */ = {
			isa = XCConfigurationList;
			buildConfigurations = (
				E8256C1C2BA0C26100959C7C /* Debug */,
				E8256C1D2BA0C26100959C7C /* Release */,
			);
			defaultConfigurationIsVisible = 0;
			defaultConfigurationName = Release;
		};
		E8256C1E2BA0C26100959C7C /* Build configuration list for PBXNativeTarget "RiskReducationOneUITests" */ = {
			isa = XCConfigurationList;
			buildConfigurations = (
				E8256C1F2BA0C26100959C7C /* Debug */,
				E8256C202BA0C26100959C7C /* Release */,
			);
			defaultConfigurationIsVisible = 0;
			defaultConfigurationName = Release;
		};
/* End XCConfigurationList section */
	};
	rootObject = E8256BE62BA0C25F00959C7C /* Project object */;
}
